
Microsoft Visual Studio Solution File, Format Version 12.00
# Visual Studio Version 16
VisualStudioVersion = 16.0.29403.142
MinimumVisualStudioVersion = 10.0.40219.1
Project("{9A19103F-16F7-4668-BE54-9A1E7A4F7556}") = "clu.blazor.app.server", "clu.blazor.app.server\clu.blazor.app.server.csproj", "{F4B069C1-2279-40AC-8AD8-C603A9255B84}"
EndProject
Project("{9A19103F-16F7-4668-BE54-9A1E7A4F7556}") = "clu.blazor.app.client", "clu.blazor.app.client\clu.blazor.app.client.csproj", "{AAE3F335-73E5-4B5C-AA40-948F98B2F73C}"
EndProject
Global
	GlobalSection(SolutionConfigurationPlatforms) = preSolution
		Debug|Any CPU = Debug|Any CPU
		Release|Any CPU = Release|Any CPU
	EndGlobalSection
	GlobalSection(ProjectConfigurationPlatforms) = postSolution
		{F4B069C1-2279-40AC-8AD8-C603A9255B84}.Debug|Any CPU.ActiveCfg = Debug|Any CPU
		{F4B069C1-2279-40AC-8AD8-C603A9255B84}.Debug|Any CPU.Build.0 = Debug|Any CPU
		{F4B069C1-2279-40AC-8AD8-C603A9255B84}.Release|Any CPU.ActiveCfg = Release|Any CPU
		{F4B069C1-2279-40AC-8AD8-C603A9255B84}.Release|Any CPU.Build.0 = Release|Any CPU
		{AAE3F335-73E5-4B5C-AA40-948F98B2F73C}.Debug|Any CPU.ActiveCfg = Debug|Any CPU
		{AAE3F335-73E5-4B5C-AA40-948F98B2F73C}.Debug|Any CPU.Build.0 = Debug|Any CPU
		{AAE3F335-73E5-4B5C-AA40-948F98B2F73C}.Release|Any CPU.ActiveCfg = Release|Any CPU
		{AAE3F335-73E5-4B5C-AA40-948F98B2F73C}.Release|Any CPU.Build.0 = Release|Any CPU
	EndGlobalSection
	GlobalSection(SolutionProperties) = preSolution
		HideSolutionNode = FALSE
	EndGlobalSection
	GlobalSection(ExtensibilityGlobals) = postSolution
		SolutionGuid = {51734D6F-03CB-4CDA-9228-4EB5B9294C19}
	EndGlobalSection
EndGlobal
